{
  "object": {
    "pins": [
      {
        "package": "CoreCLI",
        "repositoryURL": "https://github.com/toshi0383/CoreCLI",
        "state": {
          "branch": null,
          "revision": "3bc072fb589f0b9e7da2e3ddfcfe331a2e8a97bb",
          "version": "0.1.5"
        }
      },
      {
        "package": "RxSwift",
        "repositoryURL": "https://github.com/ReactiveX/RxSwift",
        "state": {
          "branch": null,
          "revision": "faeb158ce76d355f3f9242fdd0258a9face62f37",
          "version": "4.2.0"
        }
      },
      {
        "package": "ShellOut",
        "repositoryURL": "https://github.com/JohnSundell/ShellOut",
        "state": {
          "branch": null,
          "revision": "f1c253a34a40df4bfd268b09fdb101b059f6d52d",
          "version": "2.1.0"
        }
      }
    ]
  },
  "version": 1
}
