{
  "object": {
    "pins": [
      {
        "package": "CoreCLI",
        "repositoryURL": "https://github.com/toshi0383/CoreCLI",
        "state": {
          "branch": null,
          "revision": "104c93ffb603b892e2665cac68fe9b4c5b5a7376",
          "version": "0.1.10"
        }
      },
      {
        "package": "RxSwift",
        "repositoryURL": "https://github.com/ReactiveX/RxSwift",
        "state": {
          "branch": null,
          "revision": "b3e888b4972d9bc76495dd74d30a8c7fad4b9395",
          "version": "5.0.1"
        }
      },
      {
        "package": "ShellOut",
        "repositoryURL": "https://github.com/JohnSundell/ShellOut",
        "state": {
          "branch": null,
          "revision": "4ebf25863deb9c3c02696704fc3d39736183f258",
          "version": "2.2.1"
        }
      }
    ]
  },
  "version": 1
}
